
Microsoft Visual Studio Solution File, Format Version 12.00
# Visual Studio Version 16
VisualStudioVersion = 16.0.29411.108
MinimumVisualStudioVersion = 10.0.40219.1
Project("{FAE04EC0-301F-11D3-BF4B-00C04F79EFBC}") = "WebApi", "WebApi\WebApi.csproj", "{15140A8A-B469-4BB4-AE28-A79A4DF88759}"
EndProject
Global
	GlobalSection(SolutionConfigurationPlatforms) = preSolution
		Debug|Any CPU = Debug|Any CPU
		Release|Any CPU = Release|Any CPU
	EndGlobalSection
	GlobalSection(ProjectConfigurationPlatforms) = postSolution
		{15140A8A-B469-4BB4-AE28-A79A4DF88759}.Debug|Any CPU.ActiveCfg = Debug|Any CPU
		{15140A8A-B469-4BB4-AE28-A79A4DF88759}.Debug|Any CPU.Build.0 = Debug|Any CPU
		{15140A8A-B469-4BB4-AE28-A79A4DF88759}.Release|Any CPU.ActiveCfg = Release|Any CPU
		{15140A8A-B469-4BB4-AE28-A79A4DF88759}.Release|Any CPU.Build.0 = Release|Any CPU
	EndGlobalSection
	GlobalSection(SolutionProperties) = preSolution
		HideSolutionNode = FALSE
	EndGlobalSection
	GlobalSection(ExtensibilityGlobals) = postSolution
		SolutionGuid = {897521A4-2BD8-4D5B-94D9-B50083D18D2E}
	EndGlobalSection
EndGlobal
