
Microsoft Visual Studio Solution File, Format Version 12.00
# Visual Studio Version 16
VisualStudioVersion = 16.0.29411.108
MinimumVisualStudioVersion = 10.0.40219.1
Project("{FAE04EC0-301F-11D3-BF4B-00C04F79EFBC}") = "AngularWebApi", "AngularWebApi\AngularWebApi.csproj", "{852A2405-5997-4F15-AE09-84BA4FAEE17E}"
EndProject
Global
	GlobalSection(SolutionConfigurationPlatforms) = preSolution
		Debug|Any CPU = Debug|Any CPU
		Release|Any CPU = Release|Any CPU
	EndGlobalSection
	GlobalSection(ProjectConfigurationPlatforms) = postSolution
		{852A2405-5997-4F15-AE09-84BA4FAEE17E}.Debug|Any CPU.ActiveCfg = Debug|Any CPU
		{852A2405-5997-4F15-AE09-84BA4FAEE17E}.Debug|Any CPU.Build.0 = Debug|Any CPU
		{852A2405-5997-4F15-AE09-84BA4FAEE17E}.Release|Any CPU.ActiveCfg = Release|Any CPU
		{852A2405-5997-4F15-AE09-84BA4FAEE17E}.Release|Any CPU.Build.0 = Release|Any CPU
	EndGlobalSection
	GlobalSection(SolutionProperties) = preSolution
		HideSolutionNode = FALSE
	EndGlobalSection
	GlobalSection(ExtensibilityGlobals) = postSolution
		SolutionGuid = {1CADE71E-FD0E-4E41-ACF7-1F04931DB3B6}
	EndGlobalSection
EndGlobal
